// !$*UTF8*$!
{
	archiveVersion = 1;
	classes = {
	};
	objectVersion = 56;
	objects = {

/* Begin PBXBuildFile section */
		51132D1B29B0BD0F00098F02 /* HUWebViewJavascriptBridge.h in Headers */ = {isa = PBXBuildFile; fileRef = 51132D1A29B0BD0F00098F02 /* HUWebViewJavascriptBridge.h */; settings = {ATTRIBUTES = (Public, ); }; };
		51132D3B29B0C07000098F02 /* WebViewJavascriptBridge_JS.h in Headers */ = {isa = PBXBuildFile; fileRef = 51132D3329B0C07000098F02 /* WebViewJavascriptBridge_JS.h */; };
		51132D3C29B0C07000098F02 /* WebViewJavascriptBridgeBase.h in Headers */ = {isa = PBXBuildFile; fileRef = 51132D3429B0C07000098F02 /* WebViewJavascriptBridgeBase.h */; };
		51132D3D29B0C07000098F02 /* WebViewJavascriptBridge.m in Sources */ = {isa = PBXBuildFile; fileRef = 51132D3529B0C07000098F02 /* WebViewJavascriptBridge.m */; };
		51132D3E29B0C07000098F02 /* WKWebViewJavascriptBridge.h in Headers */ = {isa = PBXBuildFile; fileRef = 51132D3629B0C07000098F02 /* WKWebViewJavascriptBridge.h */; settings = {ATTRIBUTES = (Public, ); }; };
		51132D3F29B0C07000098F02 /* WKWebViewJavascriptBridge.m in Sources */ = {isa = PBXBuildFile; fileRef = 51132D3729B0C07000098F02 /* WKWebViewJavascriptBridge.m */; };
		51132D4029B0C07000098F02 /* WebViewJavascriptBridgeBase.m in Sources */ = {isa = PBXBuildFile; fileRef = 51132D3829B0C07000098F02 /* WebViewJavascriptBridgeBase.m */; };
		51132D4129B0C07000098F02 /* WebViewJavascriptBridge.h in Headers */ = {isa = PBXBuildFile; fileRef = 51132D3929B0C07000098F02 /* WebViewJavascriptBridge.h */; };
		51132D4229B0C07000098F02 /* WebViewJavascriptBridge_JS.m in Sources */ = {isa = PBXBuildFile; fileRef = 51132D3A29B0C07000098F02 /* WebViewJavascriptBridge_JS.m */; };
		51132D4429B0C26A00098F02 /* HUWebViewJavascriptBridge.podspec in Resources */ = {isa = PBXBuildFile; fileRef = 51132D4329B0C26A00098F02 /* HUWebViewJavascriptBridge.podspec */; };
/* End PBXBuildFile section */

/* Begin PBXFileReference section */
		51132D1729B0BD0F00098F02 /* HUWebViewJavascriptBridge.framework */ = {isa = PBXFileReference; explicitFileType = wrapper.framework; includeInIndex = 0; path = HUWebViewJavascriptBridge.framework; sourceTree = BUILT_PRODUCTS_DIR; };
		51132D1A29B0BD0F00098F02 /* HUWebViewJavascriptBridge.h */ = {isa = PBXFileReference; lastKnownFileType = sourcecode.c.h; path = HUWebViewJavascriptBridge.h; sourceTree = "<group>"; };
		51132D3329B0C07000098F02 /* WebViewJavascriptBridge_JS.h */ = {isa = PBXFileReference; fileEncoding = 4; lastKnownFileType = sourcecode.c.h; path = WebViewJavascriptBridge_JS.h; sourceTree = "<group>"; };
		51132D3429B0C07000098F02 /* WebViewJavascriptBridgeBase.h */ = {isa = PBXFileReference; fileEncoding = 4; lastKnownFileType = sourcecode.c.h; path = WebViewJavascriptBridgeBase.h; sourceTree = "<group>"; };
		51132D3529B0C07000098F02 /* WebViewJavascriptBridge.m */ = {isa = PBXFileReference; fileEncoding = 4; lastKnownFileType = sourcecode.c.objc; path = WebViewJavascriptBridge.m; sourceTree = "<group>"; };
		51132D3629B0C07000098F02 /* WKWebViewJavascriptBridge.h */ = {isa = PBXFileReference; fileEncoding = 4; lastKnownFileType = sourcecode.c.h; path = WKWebViewJavascriptBridge.h; sourceTree = "<group>"; };
		51132D3729B0C07000098F02 /* WKWebViewJavascriptBridge.m */ = {isa = PBXFileReference; fileEncoding = 4; lastKnownFileType = sourcecode.c.objc; path = WKWebViewJavascriptBridge.m; sourceTree = "<group>"; };
		51132D3829B0C07000098F02 /* WebViewJavascriptBridgeBase.m */ = {isa = PBXFileReference; fileEncoding = 4; lastKnownFileType = sourcecode.c.objc; path = WebViewJavascriptBridgeBase.m; sourceTree = "<group>"; };
		51132D3929B0C07000098F02 /* WebViewJavascriptBridge.h */ = {isa = PBXFileReference; fileEncoding = 4; lastKnownFileType = sourcecode.c.h; path = WebViewJavascriptBridge.h; sourceTree = "<group>"; };
		51132D3A29B0C07000098F02 /* WebViewJavascriptBridge_JS.m */ = {isa = PBXFileReference; fileEncoding = 4; lastKnownFileType = sourcecode.c.objc; path = WebViewJavascriptBridge_JS.m; sourceTree = "<group>"; };
		51132D4329B0C26A00098F02 /* HUWebViewJavascriptBridge.podspec */ = {isa = PBXFileReference; fileEncoding = 4; lastKnownFileType = text; path = HUWebViewJavascriptBridge.podspec; sourceTree = "<group>"; };
/* End PBXFileReference section */

/* Begin PBXFrameworksBuildPhase section */
		51132D1429B0BD0F00098F02 /* Frameworks */ = {
			isa = PBXFrameworksBuildPhase;
			buildActionMask = 2147483647;
			files = (
			);
			runOnlyForDeploymentPostprocessing = 0;
		};
/* End PBXFrameworksBuildPhase section */

/* Begin PBXGroup section */
		51132D0D29B0BD0F00098F02 = {
			isa = PBXGroup;
			children = (
				51132D4329B0C26A00098F02 /* HUWebViewJavascriptBridge.podspec */,
				51132D1929B0BD0F00098F02 /* HUWebViewJavascriptBridge */,
				51132D1829B0BD0F00098F02 /* Products */,
			);
			sourceTree = "<group>";
		};
		51132D1829B0BD0F00098F02 /* Products */ = {
			isa = PBXGroup;
			children = (
				51132D1729B0BD0F00098F02 /* HUWebViewJavascriptBridge.framework */,
			);
			name = Products;
			sourceTree = "<group>";
		};
		51132D1929B0BD0F00098F02 /* HUWebViewJavascriptBridge */ = {
			isa = PBXGroup;
			children = (
				51132D1A29B0BD0F00098F02 /* HUWebViewJavascriptBridge.h */,
				51132D3329B0C07000098F02 /* WebViewJavascriptBridge_JS.h */,
				51132D3A29B0C07000098F02 /* WebViewJavascriptBridge_JS.m */,
				51132D3929B0C07000098F02 /* WebViewJavascriptBridge.h */,
				51132D3529B0C07000098F02 /* WebViewJavascriptBridge.m */,
				51132D3429B0C07000098F02 /* WebViewJavascriptBridgeBase.h */,
				51132D3829B0C07000098F02 /* WebViewJavascriptBridgeBase.m */,
				51132D3629B0C07000098F02 /* WKWebViewJavascriptBridge.h */,
				51132D3729B0C07000098F02 /* WKWebViewJavascriptBridge.m */,
			);
			path = HUWebViewJavascriptBridge;
			sourceTree = "<group>";
		};
/* End PBXGroup section */

/* Begin PBXHeadersBuildPhase section */
		51132D1229B0BD0F00098F02 /* Headers */ = {
			isa = PBXHeadersBuildPhase;
			buildActionMask = 2147483647;
			files = (
				51132D3E29B0C07000098F02 /* WKWebViewJavascriptBridge.h in Headers */,
				51132D1B29B0BD0F00098F02 /* HUWebViewJavascriptBridge.h in Headers */,
				51132D3C29B0C07000098F02 /* WebViewJavascriptBridgeBase.h in Headers */,
				51132D3B29B0C07000098F02 /* WebViewJavascriptBridge_JS.h in Headers */,
				51132D4129B0C07000098F02 /* WebViewJavascriptBridge.h in Headers */,
			);
			runOnlyForDeploymentPostprocessing = 0;
		};
/* End PBXHeadersBuildPhase section */

/* Begin PBXNativeTarget section */
		51132D1629B0BD0F00098F02 /* HUWebViewJavascriptBridge */ = {
			isa = PBXNativeTarget;
			buildConfigurationList = 51132D1E29B0BD0F00098F02 /* Build configuration list for PBXNativeTarget "HUWebViewJavascriptBridge" */;
			buildPhases = (
				51132D1229B0BD0F00098F02 /* Headers */,
				51132D1329B0BD0F00098F02 /* Sources */,
				51132D1429B0BD0F00098F02 /* Frameworks */,
				51132D1529B0BD0F00098F02 /* Resources */,
			);
			buildRules = (
			);
			dependencies = (
			);
			name = HUWebViewJavascriptBridge;
			productName = HUWebViewJavascriptBridge;
			productReference = 51132D1729B0BD0F00098F02 /* HUWebViewJavascriptBridge.framework */;
			productType = "com.apple.product-type.framework";
		};
/* End PBXNativeTarget section */

/* Begin PBXProject section */
		51132D0E29B0BD0F00098F02 /* Project object */ = {
			isa = PBXProject;
			attributes = {
				BuildIndependentTargetsInParallel = 1;
				LastUpgradeCheck = 1400;
				TargetAttributes = {
					51132D1629B0BD0F00098F02 = {
						CreatedOnToolsVersion = 14.0;
					};
				};
			};
			buildConfigurationList = 51132D1129B0BD0F00098F02 /* Build configuration list for PBXProject "HUWebViewJavascriptBridge" */;
			compatibilityVersion = "Xcode 14.0";
			developmentRegion = en;
			hasScannedForEncodings = 0;
			knownRegions = (
				en,
				Base,
			);
			mainGroup = 51132D0D29B0BD0F00098F02;
			productRefGroup = 51132D1829B0BD0F00098F02 /* Products */;
			projectDirPath = "";
			projectRoot = "";
			targets = (
				51132D1629B0BD0F00098F02 /* HUWebViewJavascriptBridge */,
			);
		};
/* End PBXProject section */

/* Begin PBXResourcesBuildPhase section */
		51132D1529B0BD0F00098F02 /* Resources */ = {
			isa = PBXResourcesBuildPhase;
			buildActionMask = 2147483647;
			files = (
				51132D4429B0C26A00098F02 /* HUWebViewJavascriptBridge.podspec in Resources */,
			);
			runOnlyForDeploymentPostprocessing = 0;
		};
/* End PBXResourcesBuildPhase section */

/* Begin PBXSourcesBuildPhase section */
		51132D1329B0BD0F00098F02 /* Sources */ = {
			isa = PBXSourcesBuildPhase;
			buildActionMask = 2147483647;
			files = (
				51132D4229B0C07000098F02 /* WebViewJavascriptBridge_JS.m in Sources */,
				51132D3D29B0C07000098F02 /* WebViewJavascriptBridge.m in Sources */,
				51132D4029B0C07000098F02 /* WebViewJavascriptBridgeBase.m in Sources */,
				51132D3F29B0C07000098F02 /* WKWebViewJavascriptBridge.m in Sources */,
			);
			runOnlyForDeploymentPostprocessing = 0;
		};
/* End PBXSourcesBuildPhase section */

/* Begin XCBuildConfiguration section */
		51132D1C29B0BD0F00098F02 /* Debug */ = {
			isa = XCBuildConfiguration;
			buildSettings = {
				ALWAYS_SEARCH_USER_PATHS = NO;
				CLANG_ANALYZER_NONNULL = YES;
				CLANG_ANALYZER_NUMBER_OBJECT_CONVERSION = YES_AGGRESSIVE;
				CLANG_CXX_LANGUAGE_STANDARD = "gnu++20";
				CLANG_ENABLE_MODULES = YES;
				CLANG_ENABLE_OBJC_ARC = YES;
				CLANG_ENABLE_OBJC_WEAK = YES;
				CLANG_WARN_BLOCK_CAPTURE_AUTORELEASING = YES;
				CLANG_WARN_BOOL_CONVERSION = YES;
				CLANG_WARN_COMMA = YES;
				CLANG_WARN_CONSTANT_CONVERSION = YES;
				CLANG_WARN_DEPRECATED_OBJC_IMPLEMENTATIONS = YES;
				CLANG_WARN_DIRECT_OBJC_ISA_USAGE = YES_ERROR;
				CLANG_WARN_DOCUMENTATION_COMMENTS = YES;
				CLANG_WARN_EMPTY_BODY = YES;
				CLANG_WARN_ENUM_CONVERSION = YES;
				CLANG_WARN_INFINITE_RECURSION = YES;
				CLANG_WARN_INT_CONVERSION = YES;
				CLANG_WARN_NON_LITERAL_NULL_CONVERSION = YES;
				CLANG_WARN_OBJC_IMPLICIT_RETAIN_SELF = YES;
				CLANG_WARN_OBJC_LITERAL_CONVERSION = YES;
				CLANG_WARN_OBJC_ROOT_CLASS = YES_ERROR;
				CLANG_WARN_QUOTED_INCLUDE_IN_FRAMEWORK_HEADER = YES;
				CLANG_WARN_RANGE_LOOP_ANALYSIS = YES;
				CLANG_WARN_STRICT_PROTOTYPES = YES;
				CLANG_WARN_SUSPICIOUS_MOVE = YES;
				CLANG_WARN_UNGUARDED_AVAILABILITY = YES_AGGRESSIVE;
				CLANG_WARN_UNREACHABLE_CODE = YES;
				CLANG_WARN__DUPLICATE_METHOD_MATCH = YES;
				COPY_PHASE_STRIP = NO;
				CURRENT_PROJECT_VERSION = 1;
				DEBUG_INFORMATION_FORMAT = dwarf;
				ENABLE_STRICT_OBJC_MSGSEND = YES;
				ENABLE_TESTABILITY = YES;
				GCC_C_LANGUAGE_STANDARD = gnu11;
				GCC_DYNAMIC_NO_PIC = NO;
				GCC_NO_COMMON_BLOCKS = YES;
				GCC_OPTIMIZATION_LEVEL = 0;
				GCC_PREPROCESSOR_DEFINITIONS = (
					"DEBUG=1",
					"$(inherited)",
				);
				GCC_WARN_64_TO_32_BIT_CONVERSION = YES;
				GCC_WARN_ABOUT_RETURN_TYPE = YES_ERROR;
				GCC_WARN_UNDECLARED_SELECTOR = YES;
				GCC_WARN_UNINITIALIZED_AUTOS = YES_AGGRESSIVE;
				GCC_WARN_UNUSED_FUNCTION = YES;
				GCC_WARN_UNUSED_VARIABLE = YES;
				IPHONEOS_DEPLOYMENT_TARGET = 16.0;
				MTL_ENABLE_DEBUG_INFO = INCLUDE_SOURCE;
				MTL_FAST_MATH = YES;
				ONLY_ACTIVE_ARCH = YES;
				SDKROOT = iphoneos;
				VERSIONING_SYSTEM = "apple-generic";
				VERSION_INFO_PREFIX = "";
			};
			name = Debug;
		};
		51132D1D29B0BD0F00098F02 /* Release */ = {
			isa = XCBuildConfiguration;
			buildSettings = {
				ALWAYS_SEARCH_USER_PATHS = NO;
				CLANG_ANALYZER_NONNULL = YES;
				CLANG_ANALYZER_NUMBER_OBJECT_CONVERSION = YES_AGGRESSIVE;
				CLANG_CXX_LANGUAGE_STANDARD = "gnu++20";
				CLANG_ENABLE_MODULES = YES;
				CLANG_ENABLE_OBJC_ARC = YES;
				CLANG_ENABLE_OBJC_WEAK = YES;
				CLANG_WARN_BLOCK_CAPTURE_AUTORELEASING = YES;
				CLANG_WARN_BOOL_CONVERSION = YES;
				CLANG_WARN_COMMA = YES;
				CLANG_WARN_CONSTANT_CONVERSION = YES;
				CLANG_WARN_DEPRECATED_OBJC_IMPLEMENTATIONS = YES;
				CLANG_WARN_DIRECT_OBJC_ISA_USAGE = YES_ERROR;
				CLANG_WARN_DOCUMENTATION_COMMENTS = YES;
				CLANG_WARN_EMPTY_BODY = YES;
				CLANG_WARN_ENUM_CONVERSION = YES;
				CLANG_WARN_INFINITE_RECURSION = YES;
				CLANG_WARN_INT_CONVERSION = YES;
				CLANG_WARN_NON_LITERAL_NULL_CONVERSION = YES;
				CLANG_WARN_OBJC_IMPLICIT_RETAIN_SELF = YES;
				CLANG_WARN_OBJC_LITERAL_CONVERSION = YES;
				CLANG_WARN_OBJC_ROOT_CLASS = YES_ERROR;
				CLANG_WARN_QUOTED_INCLUDE_IN_FRAMEWORK_HEADER = YES;
				CLANG_WARN_RANGE_LOOP_ANALYSIS = YES;
				CLANG_WARN_STRICT_PROTOTYPES = YES;
				CLANG_WARN_SUSPICIOUS_MOVE = YES;
				CLANG_WARN_UNGUARDED_AVAILABILITY = YES_AGGRESSIVE;
				CLANG_WARN_UNREACHABLE_CODE = YES;
				CLANG_WARN__DUPLICATE_METHOD_MATCH = YES;
				COPY_PHASE_STRIP = NO;
				CURRENT_PROJECT_VERSION = 1;
				DEBUG_INFORMATION_FORMAT = "dwarf-with-dsym";
				ENABLE_NS_ASSERTIONS = NO;
				ENABLE_STRICT_OBJC_MSGSEND = YES;
				GCC_C_LANGUAGE_STANDARD = gnu11;
				GCC_NO_COMMON_BLOCKS = YES;
				GCC_WARN_64_TO_32_BIT_CONVERSION = YES;
				GCC_WARN_ABOUT_RETURN_TYPE = YES_ERROR;
				GCC_WARN_UNDECLARED_SELECTOR = YES;
				GCC_WARN_UNINITIALIZED_AUTOS = YES_AGGRESSIVE;
				GCC_WARN_UNUSED_FUNCTION = YES;
				GCC_WARN_UNUSED_VARIABLE = YES;
				IPHONEOS_DEPLOYMENT_TARGET = 16.0;
				MTL_ENABLE_DEBUG_INFO = NO;
				MTL_FAST_MATH = YES;
				SDKROOT = iphoneos;
				VALIDATE_PRODUCT = YES;
				VERSIONING_SYSTEM = "apple-generic";
				VERSION_INFO_PREFIX = "";
			};
			name = Release;
		};
		51132D1F29B0BD0F00098F02 /* Debug */ = {
			isa = XCBuildConfiguration;
			buildSettings = {
				CODE_SIGN_STYLE = Automatic;
				CURRENT_PROJECT_VERSION = 1;
				DEFINES_MODULE = YES;
				DEVELOPMENT_TEAM = UA8U3Z7XU4;
				DYLIB_COMPATIBILITY_VERSION = 1;
				DYLIB_CURRENT_VERSION = 1;
				DYLIB_INSTALL_NAME_BASE = "@rpath";
				GENERATE_INFOPLIST_FILE = YES;
				INFOPLIST_KEY_NSHumanReadableCopyright = "";
				INSTALL_PATH = "$(LOCAL_LIBRARY_DIR)/Frameworks";
				LD_RUNPATH_SEARCH_PATHS = (
					"$(inherited)",
					"@executable_path/Frameworks",
					"@loader_path/Frameworks",
				);
				MARKETING_VERSION = 1.0;
				PRODUCT_BUNDLE_IDENTIFIER = me.jewelz.HUWebViewJavascriptBridge;
				PRODUCT_NAME = "$(TARGET_NAME:c99extidentifier)";
				SKIP_INSTALL = YES;
				SWIFT_EMIT_LOC_STRINGS = YES;
				TARGETED_DEVICE_FAMILY = "1,2";
			};
			name = Debug;
		};
		51132D2029B0BD0F00098F02 /* Release */ = {
			isa = XCBuildConfiguration;
			buildSettings = {
				CODE_SIGN_STYLE = Automatic;
				CURRENT_PROJECT_VERSION = 1;
				DEFINES_MODULE = YES;
				DEVELOPMENT_TEAM = UA8U3Z7XU4;
				DYLIB_COMPATIBILITY_VERSION = 1;
				DYLIB_CURRENT_VERSION = 1;
				DYLIB_INSTALL_NAME_BASE = "@rpath";
				GENERATE_INFOPLIST_FILE = YES;
				INFOPLIST_KEY_NSHumanReadableCopyright = "";
				INSTALL_PATH = "$(LOCAL_LIBRARY_DIR)/Frameworks";
				LD_RUNPATH_SEARCH_PATHS = (
					"$(inherited)",
					"@executable_path/Frameworks",
					"@loader_path/Frameworks",
				);
				MARKETING_VERSION = 1.0;
				PRODUCT_BUNDLE_IDENTIFIER = me.jewelz.HUWebViewJavascriptBridge;
				PRODUCT_NAME = "$(TARGET_NAME:c99extidentifier)";
				SKIP_INSTALL = YES;
				SWIFT_EMIT_LOC_STRINGS = YES;
				TARGETED_DEVICE_FAMILY = "1,2";
			};
			name = Release;
		};
/* End XCBuildConfiguration section */

/* Begin XCConfigurationList section */
		51132D1129B0BD0F00098F02 /* Build configuration list for PBXProject "HUWebViewJavascriptBridge" */ = {
			isa = XCConfigurationList;
			buildConfigurations = (
				51132D1C29B0BD0F00098F02 /* Debug */,
				51132D1D29B0BD0F00098F02 /* Release */,
			);
			defaultConfigurationIsVisible = 0;
			defaultConfigurationName = Release;
		};
		51132D1E29B0BD0F00098F02 /* Build configuration list for PBXNativeTarget "HUWebViewJavascriptBridge" */ = {
			isa = XCConfigurationList;
			buildConfigurations = (
				51132D1F29B0BD0F00098F02 /* Debug */,
				51132D2029B0BD0F00098F02 /* Release */,
			);
			defaultConfigurationIsVisible = 0;
			defaultConfigurationName = Release;
		};
/* End XCConfigurationList section */
	};
	rootObject = 51132D0E29B0BD0F00098F02 /* Project object */;
}
